
Microsoft Visual Studio Solution File, Format Version 12.00
# Visual Studio Version 17
VisualStudioVersion = 17.0.31912.275
MinimumVisualStudioVersion = 10.0.40219.1
Project("{9A19103F-16F7-4668-BE54-9A1E7A4F7556}") = "FinanceManagementImportTool", "ImportTool\FinanceManagementImportTool.csproj", "{D85D9A98-4010-47A5-92B5-B04C83BD30BE}"
EndProject
Global
	GlobalSection(SolutionConfigurationPlatforms) = preSolution
		Debug|Any CPU = Debug|Any CPU
		Release|Any CPU = Release|Any CPU
	EndGlobalSection
	GlobalSection(ProjectConfigurationPlatforms) = postSolution
		{D85D9A98-4010-47A5-92B5-B04C83BD30BE}.Debug|Any CPU.ActiveCfg = Debug|Any CPU
		{D85D9A98-4010-47A5-92B5-B04C83BD30BE}.Debug|Any CPU.Build.0 = Debug|Any CPU
		{D85D9A98-4010-47A5-92B5-B04C83BD30BE}.Release|Any CPU.ActiveCfg = Release|Any CPU
		{D85D9A98-4010-47A5-92B5-B04C83BD30BE}.Release|Any CPU.Build.0 = Release|Any CPU
	EndGlobalSection
	GlobalSection(SolutionProperties) = preSolution
		HideSolutionNode = FALSE
	EndGlobalSection
	GlobalSection(ExtensibilityGlobals) = postSolution
		SolutionGuid = {29C2772F-D5E0-4BE9-AD39-3FA17D52BC9B}
	EndGlobalSection
EndGlobal
